
Microsoft Visual Studio Solution File, Format Version 12.00
# Visual Studio Version 17
VisualStudioVersion = 17.14.36121.58 d17.14
MinimumVisualStudioVersion = 10.0.40219.1
Project("{FAE04EC0-301F-11D3-BF4B-00C04F79EFBC}") = "mvcproje", "mvcproje\mvcproje.csproj", "{338E18D8-CAD4-483B-9303-A6A3B79B177C}"
EndProject
Global
	GlobalSection(SolutionConfigurationPlatforms) = preSolution
		Debug|Any CPU = Debug|Any CPU
		Release|Any CPU = Release|Any CPU
	EndGlobalSection
	GlobalSection(ProjectConfigurationPlatforms) = postSolution
		{338E18D8-CAD4-483B-9303-A6A3B79B177C}.Debug|Any CPU.ActiveCfg = Debug|Any CPU
		{338E18D8-CAD4-483B-9303-A6A3B79B177C}.Debug|Any CPU.Build.0 = Debug|Any CPU
		{338E18D8-CAD4-483B-9303-A6A3B79B177C}.Release|Any CPU.ActiveCfg = Release|Any CPU
		{338E18D8-CAD4-483B-9303-A6A3B79B177C}.Release|Any CPU.Build.0 = Release|Any CPU
	EndGlobalSection
	GlobalSection(SolutionProperties) = preSolution
		HideSolutionNode = FALSE
	EndGlobalSection
	GlobalSection(ExtensibilityGlobals) = postSolution
		SolutionGuid = {72CF926D-03D4-4237-9ECD-C2B65F6E739F}
	EndGlobalSection
EndGlobal
